// !$*UTF8*$!
{
	archiveVersion = 1;
	classes = {
	};
	objectVersion = 50;
	objects = {

/* Begin PBXBuildFile section */
		F166C9B22446CFAB00C84C93 /* AppDelegate.swift in Sources */ = {isa = PBXBuildFile; fileRef = F166C9B12446CFAB00C84C93 /* AppDelegate.swift */; };
		F166C9B42446CFAB00C84C93 /* SceneDelegate.swift in Sources */ = {isa = PBXBuildFile; fileRef = F166C9B32446CFAB00C84C93 /* SceneDelegate.swift */; };
		F166C9B62446CFAB00C84C93 /* ContentView.swift in Sources */ = {isa = PBXBuildFile; fileRef = F166C9B52446CFAB00C84C93 /* ContentView.swift */; };
		F166C9B82446CFAF00C84C93 /* Assets.xcassets in Resources */ = {isa = PBXBuildFile; fileRef = F166C9B72446CFAF00C84C93 /* Assets.xcassets */; };
		F166C9BB2446CFAF00C84C93 /* Preview Assets.xcassets in Resources */ = {isa = PBXBuildFile; fileRef = F166C9BA2446CFAF00C84C93 /* Preview Assets.xcassets */; };
		F166C9BE2446CFAF00C84C93 /* LaunchScreen.storyboard in Resources */ = {isa = PBXBuildFile; fileRef = F166C9BC2446CFAF00C84C93 /* LaunchScreen.storyboard */; };
		F166C9C624470BFF00C84C93 /* names.json in Resources */ = {isa = PBXBuildFile; fileRef = F166C9C524470BFF00C84C93 /* names.json */; };
		F166C9C824470E7200C84C93 /* MainPageUseCase.swift in Sources */ = {isa = PBXBuildFile; fileRef = F166C9C724470E7200C84C93 /* MainPageUseCase.swift */; };
		F166C9CB2447103400C84C93 /* MainPageInteractor.swift in Sources */ = {isa = PBXBuildFile; fileRef = F166C9CA2447103400C84C93 /* MainPageInteractor.swift */; };
		F166C9CD2447107600C84C93 /* MainPageAPIWorker.swift in Sources */ = {isa = PBXBuildFile; fileRef = F166C9CC2447107600C84C93 /* MainPageAPIWorker.swift */; };
		F166C9CF2447109100C84C93 /* URLs.swift in Sources */ = {isa = PBXBuildFile; fileRef = F166C9CE2447109100C84C93 /* URLs.swift */; };
		F166C9D1244710BF00C84C93 /* APIs.swift in Sources */ = {isa = PBXBuildFile; fileRef = F166C9D0244710BF00C84C93 /* APIs.swift */; };
		F166C9D3244736A500C84C93 /* MainPagePresenter.swift in Sources */ = {isa = PBXBuildFile; fileRef = F166C9D2244736A500C84C93 /* MainPagePresenter.swift */; };
		F166C9D52447381900C84C93 /* MainPageContentView.swift in Sources */ = {isa = PBXBuildFile; fileRef = F166C9D42447381900C84C93 /* MainPageContentView.swift */; };
		F166C9D824473E9000C84C93 /* Notes.txt in Resources */ = {isa = PBXBuildFile; fileRef = F166C9D724473E9000C84C93 /* Notes.txt */; };
/* End PBXBuildFile section */

/* Begin PBXFileReference section */
		F166C9AE2446CFAB00C84C93 /* News.app */ = {isa = PBXFileReference; explicitFileType = wrapper.application; includeInIndex = 0; path = News.app; sourceTree = BUILT_PRODUCTS_DIR; };
		F166C9B12446CFAB00C84C93 /* AppDelegate.swift */ = {isa = PBXFileReference; lastKnownFileType = sourcecode.swift; path = AppDelegate.swift; sourceTree = "<group>"; };
		F166C9B32446CFAB00C84C93 /* SceneDelegate.swift */ = {isa = PBXFileReference; lastKnownFileType = sourcecode.swift; path = SceneDelegate.swift; sourceTree = "<group>"; };
		F166C9B52446CFAB00C84C93 /* ContentView.swift */ = {isa = PBXFileReference; lastKnownFileType = sourcecode.swift; path = ContentView.swift; sourceTree = "<group>"; };
		F166C9B72446CFAF00C84C93 /* Assets.xcassets */ = {isa = PBXFileReference; lastKnownFileType = folder.assetcatalog; path = Assets.xcassets; sourceTree = "<group>"; };
		F166C9BA2446CFAF00C84C93 /* Preview Assets.xcassets */ = {isa = PBXFileReference; lastKnownFileType = folder.assetcatalog; path = "Preview Assets.xcassets"; sourceTree = "<group>"; };
		F166C9BD2446CFAF00C84C93 /* Base */ = {isa = PBXFileReference; lastKnownFileType = file.storyboard; name = Base; path = Base.lproj/LaunchScreen.storyboard; sourceTree = "<group>"; };
		F166C9BF2446CFAF00C84C93 /* Info.plist */ = {isa = PBXFileReference; lastKnownFileType = text.plist.xml; path = Info.plist; sourceTree = "<group>"; };
		F166C9C524470BFF00C84C93 /* names.json */ = {isa = PBXFileReference; lastKnownFileType = text.json; path = names.json; sourceTree = "<group>"; };
		F166C9C724470E7200C84C93 /* MainPageUseCase.swift */ = {isa = PBXFileReference; lastKnownFileType = sourcecode.swift; path = MainPageUseCase.swift; sourceTree = "<group>"; };
		F166C9CA2447103400C84C93 /* MainPageInteractor.swift */ = {isa = PBXFileReference; lastKnownFileType = sourcecode.swift; path = MainPageInteractor.swift; sourceTree = "<group>"; };
		F166C9CC2447107600C84C93 /* MainPageAPIWorker.swift */ = {isa = PBXFileReference; lastKnownFileType = sourcecode.swift; path = MainPageAPIWorker.swift; sourceTree = "<group>"; };
		F166C9CE2447109100C84C93 /* URLs.swift */ = {isa = PBXFileReference; lastKnownFileType = sourcecode.swift; path = URLs.swift; sourceTree = "<group>"; };
		F166C9D0244710BF00C84C93 /* APIs.swift */ = {isa = PBXFileReference; lastKnownFileType = sourcecode.swift; path = APIs.swift; sourceTree = "<group>"; };
		F166C9D2244736A500C84C93 /* MainPagePresenter.swift */ = {isa = PBXFileReference; lastKnownFileType = sourcecode.swift; path = MainPagePresenter.swift; sourceTree = "<group>"; };
		F166C9D42447381900C84C93 /* MainPageContentView.swift */ = {isa = PBXFileReference; lastKnownFileType = sourcecode.swift; path = MainPageContentView.swift; sourceTree = "<group>"; };
		F166C9D724473E9000C84C93 /* Notes.txt */ = {isa = PBXFileReference; lastKnownFileType = text; path = Notes.txt; sourceTree = "<group>"; };
/* End PBXFileReference section */

/* Begin PBXFrameworksBuildPhase section */
		F166C9AB2446CFAB00C84C93 /* Frameworks */ = {
			isa = PBXFrameworksBuildPhase;
			buildActionMask = 2147483647;
			files = (
			);
			runOnlyForDeploymentPostprocessing = 0;
		};
/* End PBXFrameworksBuildPhase section */

/* Begin PBXGroup section */
		F166C9A52446CFAB00C84C93 = {
			isa = PBXGroup;
			children = (
				F166C9B02446CFAB00C84C93 /* News */,
				F166C9AF2446CFAB00C84C93 /* Products */,
			);
			sourceTree = "<group>";
		};
		F166C9AF2446CFAB00C84C93 /* Products */ = {
			isa = PBXGroup;
			children = (
				F166C9AE2446CFAB00C84C93 /* News.app */,
			);
			name = Products;
			sourceTree = "<group>";
		};
		F166C9B02446CFAB00C84C93 /* News */ = {
			isa = PBXGroup;
			children = (
				F166C9D724473E9000C84C93 /* Notes.txt */,
				F166C9B12446CFAB00C84C93 /* AppDelegate.swift */,
				F166C9B32446CFAB00C84C93 /* SceneDelegate.swift */,
				F166C9B52446CFAB00C84C93 /* ContentView.swift */,
				F166C9CE2447109100C84C93 /* URLs.swift */,
				F166C9D0244710BF00C84C93 /* APIs.swift */,
				F166C9C924470F4500C84C93 /* MainPage */,
				F166C9C524470BFF00C84C93 /* names.json */,
				F166C9B72446CFAF00C84C93 /* Assets.xcassets */,
				F166C9BC2446CFAF00C84C93 /* LaunchScreen.storyboard */,
				F166C9BF2446CFAF00C84C93 /* Info.plist */,
				F166C9B92446CFAF00C84C93 /* Preview Content */,
			);
			path = News;
			sourceTree = "<group>";
		};
		F166C9B92446CFAF00C84C93 /* Preview Content */ = {
			isa = PBXGroup;
			children = (
				F166C9BA2446CFAF00C84C93 /* Preview Assets.xcassets */,
			);
			path = "Preview Content";
			sourceTree = "<group>";
		};
		F166C9C924470F4500C84C93 /* MainPage */ = {
			isa = PBXGroup;
			children = (
				F166C9C724470E7200C84C93 /* MainPageUseCase.swift */,
				F166C9CA2447103400C84C93 /* MainPageInteractor.swift */,
				F166C9D42447381900C84C93 /* MainPageContentView.swift */,
				F166C9CC2447107600C84C93 /* MainPageAPIWorker.swift */,
				F166C9D2244736A500C84C93 /* MainPagePresenter.swift */,
			);
			path = MainPage;
			sourceTree = "<group>";
		};
/* End PBXGroup section */

/* Begin PBXNativeTarget section */
		F166C9AD2446CFAB00C84C93 /* News */ = {
			isa = PBXNativeTarget;
			buildConfigurationList = F166C9C22446CFAF00C84C93 /* Build configuration list for PBXNativeTarget "News" */;
			buildPhases = (
				F166C9AA2446CFAB00C84C93 /* Sources */,
				F166C9AB2446CFAB00C84C93 /* Frameworks */,
				F166C9AC2446CFAB00C84C93 /* Resources */,
			);
			buildRules = (
			);
			dependencies = (
			);
			name = News;
			productName = News;
			productReference = F166C9AE2446CFAB00C84C93 /* News.app */;
			productType = "com.apple.product-type.application";
		};
/* End PBXNativeTarget section */

/* Begin PBXProject section */
		F166C9A62446CFAB00C84C93 /* Project object */ = {
			isa = PBXProject;
			attributes = {
				LastSwiftUpdateCheck = 1130;
				LastUpgradeCheck = 1130;
				ORGANIZATIONNAME = v.a.jayachandran;
				TargetAttributes = {
					F166C9AD2446CFAB00C84C93 = {
						CreatedOnToolsVersion = 11.3.1;
					};
				};
			};
			buildConfigurationList = F166C9A92446CFAB00C84C93 /* Build configuration list for PBXProject "News" */;
			compatibilityVersion = "Xcode 9.3";
			developmentRegion = en;
			hasScannedForEncodings = 0;
			knownRegions = (
				en,
				Base,
			);
			mainGroup = F166C9A52446CFAB00C84C93;
			productRefGroup = F166C9AF2446CFAB00C84C93 /* Products */;
			projectDirPath = "";
			projectRoot = "";
			targets = (
				F166C9AD2446CFAB00C84C93 /* News */,
			);
		};
/* End PBXProject section */

/* Begin PBXResourcesBuildPhase section */
		F166C9AC2446CFAB00C84C93 /* Resources */ = {
			isa = PBXResourcesBuildPhase;
			buildActionMask = 2147483647;
			files = (
				F166C9BE2446CFAF00C84C93 /* LaunchScreen.storyboard in Resources */,
				F166C9BB2446CFAF00C84C93 /* Preview Assets.xcassets in Resources */,
				F166C9C624470BFF00C84C93 /* names.json in Resources */,
				F166C9B82446CFAF00C84C93 /* Assets.xcassets in Resources */,
				F166C9D824473E9000C84C93 /* Notes.txt in Resources */,
			);
			runOnlyForDeploymentPostprocessing = 0;
		};
/* End PBXResourcesBuildPhase section */

/* Begin PBXSourcesBuildPhase section */
		F166C9AA2446CFAB00C84C93 /* Sources */ = {
			isa = PBXSourcesBuildPhase;
			buildActionMask = 2147483647;
			files = (
				F166C9CD2447107600C84C93 /* MainPageAPIWorker.swift in Sources */,
				F166C9B22446CFAB00C84C93 /* AppDelegate.swift in Sources */,
				F166C9D52447381900C84C93 /* MainPageContentView.swift in Sources */,
				F166C9D1244710BF00C84C93 /* APIs.swift in Sources */,
				F166C9D3244736A500C84C93 /* MainPagePresenter.swift in Sources */,
				F166C9CB2447103400C84C93 /* MainPageInteractor.swift in Sources */,
				F166C9CF2447109100C84C93 /* URLs.swift in Sources */,
				F166C9B42446CFAB00C84C93 /* SceneDelegate.swift in Sources */,
				F166C9B62446CFAB00C84C93 /* ContentView.swift in Sources */,
				F166C9C824470E7200C84C93 /* MainPageUseCase.swift in Sources */,
			);
			runOnlyForDeploymentPostprocessing = 0;
		};
/* End PBXSourcesBuildPhase section */

/* Begin PBXVariantGroup section */
		F166C9BC2446CFAF00C84C93 /* LaunchScreen.storyboard */ = {
			isa = PBXVariantGroup;
			children = (
				F166C9BD2446CFAF00C84C93 /* Base */,
			);
			name = LaunchScreen.storyboard;
			sourceTree = "<group>";
		};
/* End PBXVariantGroup section */

/* Begin XCBuildConfiguration section */
		F166C9C02446CFAF00C84C93 /* Debug */ = {
			isa = XCBuildConfiguration;
			buildSettings = {
				ALWAYS_SEARCH_USER_PATHS = NO;
				CLANG_ANALYZER_NONNULL = YES;
				CLANG_ANALYZER_NUMBER_OBJECT_CONVERSION = YES_AGGRESSIVE;
				CLANG_CXX_LANGUAGE_STANDARD = "gnu++14";
				CLANG_CXX_LIBRARY = "libc++";
				CLANG_ENABLE_MODULES = YES;
				CLANG_ENABLE_OBJC_ARC = YES;
				CLANG_ENABLE_OBJC_WEAK = YES;
				CLANG_WARN_BLOCK_CAPTURE_AUTORELEASING = YES;
				CLANG_WARN_BOOL_CONVERSION = YES;
				CLANG_WARN_COMMA = YES;
				CLANG_WARN_CONSTANT_CONVERSION = YES;
				CLANG_WARN_DEPRECATED_OBJC_IMPLEMENTATIONS = YES;
				CLANG_WARN_DIRECT_OBJC_ISA_USAGE = YES_ERROR;
				CLANG_WARN_DOCUMENTATION_COMMENTS = YES;
				CLANG_WARN_EMPTY_BODY = YES;
				CLANG_WARN_ENUM_CONVERSION = YES;
				CLANG_WARN_INFINITE_RECURSION = YES;
				CLANG_WARN_INT_CONVERSION = YES;
				CLANG_WARN_NON_LITERAL_NULL_CONVERSION = YES;
				CLANG_WARN_OBJC_IMPLICIT_RETAIN_SELF = YES;
				CLANG_WARN_OBJC_LITERAL_CONVERSION = YES;
				CLANG_WARN_OBJC_ROOT_CLASS = YES_ERROR;
				CLANG_WARN_RANGE_LOOP_ANALYSIS = YES;
				CLANG_WARN_STRICT_PROTOTYPES = YES;
				CLANG_WARN_SUSPICIOUS_MOVE = YES;
				CLANG_WARN_UNGUARDED_AVAILABILITY = YES_AGGRESSIVE;
				CLANG_WARN_UNREACHABLE_CODE = YES;
				CLANG_WARN__DUPLICATE_METHOD_MATCH = YES;
				COPY_PHASE_STRIP = NO;
				DEBUG_INFORMATION_FORMAT = dwarf;
				ENABLE_STRICT_OBJC_MSGSEND = YES;
				ENABLE_TESTABILITY = YES;
				GCC_C_LANGUAGE_STANDARD = gnu11;
				GCC_DYNAMIC_NO_PIC = NO;
				GCC_NO_COMMON_BLOCKS = YES;
				GCC_OPTIMIZATION_LEVEL = 0;
				GCC_PREPROCESSOR_DEFINITIONS = (
					"DEBUG=1",
					"$(inherited)",
				);
				GCC_WARN_64_TO_32_BIT_CONVERSION = YES;
				GCC_WARN_ABOUT_RETURN_TYPE = YES_ERROR;
				GCC_WARN_UNDECLARED_SELECTOR = YES;
				GCC_WARN_UNINITIALIZED_AUTOS = YES_AGGRESSIVE;
				GCC_WARN_UNUSED_FUNCTION = YES;
				GCC_WARN_UNUSED_VARIABLE = YES;
				IPHONEOS_DEPLOYMENT_TARGET = 13.2;
				MTL_ENABLE_DEBUG_INFO = INCLUDE_SOURCE;
				MTL_FAST_MATH = YES;
				ONLY_ACTIVE_ARCH = YES;
				SDKROOT = iphoneos;
				SWIFT_ACTIVE_COMPILATION_CONDITIONS = DEBUG;
				SWIFT_OPTIMIZATION_LEVEL = "-Onone";
			};
			name = Debug;
		};
		F166C9C12446CFAF00C84C93 /* Release */ = {
			isa = XCBuildConfiguration;
			buildSettings = {
				ALWAYS_SEARCH_USER_PATHS = NO;
				CLANG_ANALYZER_NONNULL = YES;
				CLANG_ANALYZER_NUMBER_OBJECT_CONVERSION = YES_AGGRESSIVE;
				CLANG_CXX_LANGUAGE_STANDARD = "gnu++14";
				CLANG_CXX_LIBRARY = "libc++";
				CLANG_ENABLE_MODULES = YES;
				CLANG_ENABLE_OBJC_ARC = YES;
				CLANG_ENABLE_OBJC_WEAK = YES;
				CLANG_WARN_BLOCK_CAPTURE_AUTORELEASING = YES;
				CLANG_WARN_BOOL_CONVERSION = YES;
				CLANG_WARN_COMMA = YES;
				CLANG_WARN_CONSTANT_CONVERSION = YES;
				CLANG_WARN_DEPRECATED_OBJC_IMPLEMENTATIONS = YES;
				CLANG_WARN_DIRECT_OBJC_ISA_USAGE = YES_ERROR;
				CLANG_WARN_DOCUMENTATION_COMMENTS = YES;
				CLANG_WARN_EMPTY_BODY = YES;
				CLANG_WARN_ENUM_CONVERSION = YES;
				CLANG_WARN_INFINITE_RECURSION = YES;
				CLANG_WARN_INT_CONVERSION = YES;
				CLANG_WARN_NON_LITERAL_NULL_CONVERSION = YES;
				CLANG_WARN_OBJC_IMPLICIT_RETAIN_SELF = YES;
				CLANG_WARN_OBJC_LITERAL_CONVERSION = YES;
				CLANG_WARN_OBJC_ROOT_CLASS = YES_ERROR;
				CLANG_WARN_RANGE_LOOP_ANALYSIS = YES;
				CLANG_WARN_STRICT_PROTOTYPES = YES;
				CLANG_WARN_SUSPICIOUS_MOVE = YES;
				CLANG_WARN_UNGUARDED_AVAILABILITY = YES_AGGRESSIVE;
				CLANG_WARN_UNREACHABLE_CODE = YES;
				CLANG_WARN__DUPLICATE_METHOD_MATCH = YES;
				COPY_PHASE_STRIP = NO;
				DEBUG_INFORMATION_FORMAT = "dwarf-with-dsym";
				ENABLE_NS_ASSERTIONS = NO;
				ENABLE_STRICT_OBJC_MSGSEND = YES;
				GCC_C_LANGUAGE_STANDARD = gnu11;
				GCC_NO_COMMON_BLOCKS = YES;
				GCC_WARN_64_TO_32_BIT_CONVERSION = YES;
				GCC_WARN_ABOUT_RETURN_TYPE = YES_ERROR;
				GCC_WARN_UNDECLARED_SELECTOR = YES;
				GCC_WARN_UNINITIALIZED_AUTOS = YES_AGGRESSIVE;
				GCC_WARN_UNUSED_FUNCTION = YES;
				GCC_WARN_UNUSED_VARIABLE = YES;
				IPHONEOS_DEPLOYMENT_TARGET = 13.2;
				MTL_ENABLE_DEBUG_INFO = NO;
				MTL_FAST_MATH = YES;
				SDKROOT = iphoneos;
				SWIFT_COMPILATION_MODE = wholemodule;
				SWIFT_OPTIMIZATION_LEVEL = "-O";
				VALIDATE_PRODUCT = YES;
			};
			name = Release;
		};
		F166C9C32446CFAF00C84C93 /* Debug */ = {
			isa = XCBuildConfiguration;
			buildSettings = {
				ASSETCATALOG_COMPILER_APPICON_NAME = AppIcon;
				CODE_SIGN_STYLE = Automatic;
				DEVELOPMENT_ASSET_PATHS = "\"News/Preview Content\"";
				ENABLE_PREVIEWS = YES;
				INFOPLIST_FILE = News/Info.plist;
				LD_RUNPATH_SEARCH_PATHS = (
					"$(inherited)",
					"@executable_path/Frameworks",
				);
				PRODUCT_BUNDLE_IDENTIFIER = com.vjc.News;
				PRODUCT_NAME = "$(TARGET_NAME)";
				SWIFT_VERSION = 5.0;
				TARGETED_DEVICE_FAMILY = "1,2";
			};
			name = Debug;
		};
		F166C9C42446CFAF00C84C93 /* Release */ = {
			isa = XCBuildConfiguration;
			buildSettings = {
				ASSETCATALOG_COMPILER_APPICON_NAME = AppIcon;
				CODE_SIGN_STYLE = Automatic;
				DEVELOPMENT_ASSET_PATHS = "\"News/Preview Content\"";
				ENABLE_PREVIEWS = YES;
				INFOPLIST_FILE = News/Info.plist;
				LD_RUNPATH_SEARCH_PATHS = (
					"$(inherited)",
					"@executable_path/Frameworks",
				);
				PRODUCT_BUNDLE_IDENTIFIER = com.vjc.News;
				PRODUCT_NAME = "$(TARGET_NAME)";
				SWIFT_VERSION = 5.0;
				TARGETED_DEVICE_FAMILY = "1,2";
			};
			name = Release;
		};
/* End XCBuildConfiguration section */

/* Begin XCConfigurationList section */
		F166C9A92446CFAB00C84C93 /* Build configuration list for PBXProject "News" */ = {
			isa = XCConfigurationList;
			buildConfigurations = (
				F166C9C02446CFAF00C84C93 /* Debug */,
				F166C9C12446CFAF00C84C93 /* Release */,
			);
			defaultConfigurationIsVisible = 0;
			defaultConfigurationName = Release;
		};
		F166C9C22446CFAF00C84C93 /* Build configuration list for PBXNativeTarget "News" */ = {
			isa = XCConfigurationList;
			buildConfigurations = (
				F166C9C32446CFAF00C84C93 /* Debug */,
				F166C9C42446CFAF00C84C93 /* Release */,
			);
			defaultConfigurationIsVisible = 0;
			defaultConfigurationName = Release;
		};
/* End XCConfigurationList section */
	};
	rootObject = F166C9A62446CFAB00C84C93 /* Project object */;
}
